// !$*UTF8*$!
{
	archiveVersion = 1;
	classes = {
	};
	objectVersion = 55;
	objects = {

/* Begin PBXBuildFile section */
		5B9E740828734D0B005343BF /* AppDelegate.m in Sources */ = {isa = PBXBuildFile; fileRef = 5B9E740728734D0B005343BF /* AppDelegate.m */; };
		5B9E740B28734D0B005343BF /* SceneDelegate.m in Sources */ = {isa = PBXBuildFile; fileRef = 5B9E740A28734D0B005343BF /* SceneDelegate.m */; };
		5B9E740E28734D0B005343BF /* ViewController.m in Sources */ = {isa = PBXBuildFile; fileRef = 5B9E740D28734D0B005343BF /* ViewController.m */; };
		5B9E741128734D0B005343BF /* Main.storyboard in Resources */ = {isa = PBXBuildFile; fileRef = 5B9E740F28734D0B005343BF /* Main.storyboard */; };
		5B9E741328734D15005343BF /* Assets.xcassets in Resources */ = {isa = PBXBuildFile; fileRef = 5B9E741228734D15005343BF /* Assets.xcassets */; };
		5B9E741628734D15005343BF /* LaunchScreen.storyboard in Resources */ = {isa = PBXBuildFile; fileRef = 5B9E741428734D15005343BF /* LaunchScreen.storyboard */; };
		5B9E741928734D15005343BF /* main.m in Sources */ = {isa = PBXBuildFile; fileRef = 5B9E741828734D15005343BF /* main.m */; };
		5B9E742028734D91005343BF /* GoogleService-Info.plist in Resources */ = {isa = PBXBuildFile; fileRef = 5B9E741F28734D91005343BF /* GoogleService-Info.plist */; };
		9C4115F46F62721721054758 /* Pods_FirestoreApplication.framework in Frameworks */ = {isa = PBXBuildFile; fileRef = EE3E69BBBD107E1BEDD0F973 /* Pods_FirestoreApplication.framework */; };
/* End PBXBuildFile section */

/* Begin PBXFileReference section */
		37B18D00D9B751FF7C9BAFD3 /* Pods-FirestoreApplication.release.xcconfig */ = {isa = PBXFileReference; includeInIndex = 1; lastKnownFileType = text.xcconfig; name = "Pods-FirestoreApplication.release.xcconfig"; path = "Target Support Files/Pods-FirestoreApplication/Pods-FirestoreApplication.release.xcconfig"; sourceTree = "<group>"; };
		5B9E740328734D0B005343BF /* FirestoreApplication.app */ = {isa = PBXFileReference; explicitFileType = wrapper.application; includeInIndex = 0; path = FirestoreApplication.app; sourceTree = BUILT_PRODUCTS_DIR; };
		5B9E740628734D0B005343BF /* AppDelegate.h */ = {isa = PBXFileReference; lastKnownFileType = sourcecode.c.h; path = AppDelegate.h; sourceTree = "<group>"; };
		5B9E740728734D0B005343BF /* AppDelegate.m */ = {isa = PBXFileReference; lastKnownFileType = sourcecode.c.objc; path = AppDelegate.m; sourceTree = "<group>"; };
		5B9E740928734D0B005343BF /* SceneDelegate.h */ = {isa = PBXFileReference; lastKnownFileType = sourcecode.c.h; path = SceneDelegate.h; sourceTree = "<group>"; };
		5B9E740A28734D0B005343BF /* SceneDelegate.m */ = {isa = PBXFileReference; lastKnownFileType = sourcecode.c.objc; path = SceneDelegate.m; sourceTree = "<group>"; };
		5B9E740C28734D0B005343BF /* ViewController.h */ = {isa = PBXFileReference; lastKnownFileType = sourcecode.c.h; path = ViewController.h; sourceTree = "<group>"; };
		5B9E740D28734D0B005343BF /* ViewController.m */ = {isa = PBXFileReference; lastKnownFileType = sourcecode.c.objc; path = ViewController.m; sourceTree = "<group>"; };
		5B9E741028734D0B005343BF /* Base */ = {isa = PBXFileReference; lastKnownFileType = file.storyboard; name = Base; path = Base.lproj/Main.storyboard; sourceTree = "<group>"; };
		5B9E741228734D15005343BF /* Assets.xcassets */ = {isa = PBXFileReference; lastKnownFileType = folder.assetcatalog; path = Assets.xcassets; sourceTree = "<group>"; };
		5B9E741528734D15005343BF /* Base */ = {isa = PBXFileReference; lastKnownFileType = file.storyboard; name = Base; path = Base.lproj/LaunchScreen.storyboard; sourceTree = "<group>"; };
		5B9E741728734D15005343BF /* Info.plist */ = {isa = PBXFileReference; lastKnownFileType = text.plist.xml; path = Info.plist; sourceTree = "<group>"; };
		5B9E741828734D15005343BF /* main.m */ = {isa = PBXFileReference; lastKnownFileType = sourcecode.c.objc; path = main.m; sourceTree = "<group>"; };
		5B9E741F28734D91005343BF /* GoogleService-Info.plist */ = {isa = PBXFileReference; fileEncoding = 4; lastKnownFileType = text.plist.xml; path = "GoogleService-Info.plist"; sourceTree = "<group>"; };
		D7E2BE9005CA58BEBE5E128C /* Pods-FirestoreApplication.debug.xcconfig */ = {isa = PBXFileReference; includeInIndex = 1; lastKnownFileType = text.xcconfig; name = "Pods-FirestoreApplication.debug.xcconfig"; path = "Target Support Files/Pods-FirestoreApplication/Pods-FirestoreApplication.debug.xcconfig"; sourceTree = "<group>"; };
		EE3E69BBBD107E1BEDD0F973 /* Pods_FirestoreApplication.framework */ = {isa = PBXFileReference; explicitFileType = wrapper.framework; includeInIndex = 0; path = Pods_FirestoreApplication.framework; sourceTree = BUILT_PRODUCTS_DIR; };
/* End PBXFileReference section */

/* Begin PBXFrameworksBuildPhase section */
		5B9E740028734D0B005343BF /* Frameworks */ = {
			isa = PBXFrameworksBuildPhase;
			buildActionMask = 2147483647;
			files = (
				9C4115F46F62721721054758 /* Pods_FirestoreApplication.framework in Frameworks */,
			);
			runOnlyForDeploymentPostprocessing = 0;
		};
/* End PBXFrameworksBuildPhase section */

/* Begin PBXGroup section */
		2FC297A4CA058482C5F62F22 /* Frameworks */ = {
			isa = PBXGroup;
			children = (
				EE3E69BBBD107E1BEDD0F973 /* Pods_FirestoreApplication.framework */,
			);
			name = Frameworks;
			sourceTree = "<group>";
		};
		4029F98AC2C8598D52845B2B /* Pods */ = {
			isa = PBXGroup;
			children = (
				D7E2BE9005CA58BEBE5E128C /* Pods-FirestoreApplication.debug.xcconfig */,
				37B18D00D9B751FF7C9BAFD3 /* Pods-FirestoreApplication.release.xcconfig */,
			);
			name = Pods;
			path = Pods;
			sourceTree = "<group>";
		};
		5B9E73FA28734D0B005343BF = {
			isa = PBXGroup;
			children = (
				5B9E740528734D0B005343BF /* FirestoreApplication */,
				5B9E740428734D0B005343BF /* Products */,
				4029F98AC2C8598D52845B2B /* Pods */,
				2FC297A4CA058482C5F62F22 /* Frameworks */,
			);
			sourceTree = "<group>";
		};
		5B9E740428734D0B005343BF /* Products */ = {
			isa = PBXGroup;
			children = (
				5B9E740328734D0B005343BF /* FirestoreApplication.app */,
			);
			name = Products;
			sourceTree = "<group>";
		};
		5B9E740528734D0B005343BF /* FirestoreApplication */ = {
			isa = PBXGroup;
			children = (
				5B9E740628734D0B005343BF /* AppDelegate.h */,
				5B9E740728734D0B005343BF /* AppDelegate.m */,
				5B9E740928734D0B005343BF /* SceneDelegate.h */,
				5B9E740A28734D0B005343BF /* SceneDelegate.m */,
				5B9E740C28734D0B005343BF /* ViewController.h */,
				5B9E740D28734D0B005343BF /* ViewController.m */,
				5B9E740F28734D0B005343BF /* Main.storyboard */,
				5B9E741228734D15005343BF /* Assets.xcassets */,
				5B9E741428734D15005343BF /* LaunchScreen.storyboard */,
				5B9E741728734D15005343BF /* Info.plist */,
				5B9E741F28734D91005343BF /* GoogleService-Info.plist */,
				5B9E741828734D15005343BF /* main.m */,
			);
			path = FirestoreApplication;
			sourceTree = "<group>";
		};
/* End PBXGroup section */

/* Begin PBXNativeTarget section */
		5B9E740228734D0B005343BF /* FirestoreApplication */ = {
			isa = PBXNativeTarget;
			buildConfigurationList = 5B9E741C28734D15005343BF /* Build configuration list for PBXNativeTarget "FirestoreApplication" */;
			buildPhases = (
				E1778CE762511890B250E734 /* [CP] Check Pods Manifest.lock */,
				5B9E73FF28734D0B005343BF /* Sources */,
				5B9E740028734D0B005343BF /* Frameworks */,
				5B9E740128734D0B005343BF /* Resources */,
				45400791F03D28FE29DE7C38 /* [CP] Embed Pods Frameworks */,
			);
			buildRules = (
			);
			dependencies = (
			);
			name = FirestoreApplication;
			productName = FirestoreApplication;
			productReference = 5B9E740328734D0B005343BF /* FirestoreApplication.app */;
			productType = "com.apple.product-type.application";
		};
/* End PBXNativeTarget section */

/* Begin PBXProject section */
		5B9E73FB28734D0B005343BF /* Project object */ = {
			isa = PBXProject;
			attributes = {
				BuildIndependentTargetsInParallel = 1;
				LastUpgradeCheck = 1330;
				TargetAttributes = {
					5B9E740228734D0B005343BF = {
						CreatedOnToolsVersion = 13.3.1;
					};
				};
			};
			buildConfigurationList = 5B9E73FE28734D0B005343BF /* Build configuration list for PBXProject "FirestoreApplication" */;
			compatibilityVersion = "Xcode 13.0";
			developmentRegion = en;
			hasScannedForEncodings = 0;
			knownRegions = (
				en,
				Base,
			);
			mainGroup = 5B9E73FA28734D0B005343BF;
			productRefGroup = 5B9E740428734D0B005343BF /* Products */;
			projectDirPath = "";
			projectRoot = "";
			targets = (
				5B9E740228734D0B005343BF /* FirestoreApplication */,
			);
		};
/* End PBXProject section */

/* Begin PBXResourcesBuildPhase section */
		5B9E740128734D0B005343BF /* Resources */ = {
			isa = PBXResourcesBuildPhase;
			buildActionMask = 2147483647;
			files = (
				5B9E741628734D15005343BF /* LaunchScreen.storyboard in Resources */,
				5B9E742028734D91005343BF /* GoogleService-Info.plist in Resources */,
				5B9E741328734D15005343BF /* Assets.xcassets in Resources */,
				5B9E741128734D0B005343BF /* Main.storyboard in Resources */,
			);
			runOnlyForDeploymentPostprocessing = 0;
		};
/* End PBXResourcesBuildPhase section */

/* Begin PBXShellScriptBuildPhase section */
		45400791F03D28FE29DE7C38 /* [CP] Embed Pods Frameworks */ = {
			isa = PBXShellScriptBuildPhase;
			buildActionMask = 2147483647;
			files = (
			);
			inputFileListPaths = (
				"${PODS_ROOT}/Target Support Files/Pods-FirestoreApplication/Pods-FirestoreApplication-frameworks-${CONFIGURATION}-input-files.xcfilelist",
			);
			name = "[CP] Embed Pods Frameworks";
			outputFileListPaths = (
				"${PODS_ROOT}/Target Support Files/Pods-FirestoreApplication/Pods-FirestoreApplication-frameworks-${CONFIGURATION}-output-files.xcfilelist",
			);
			runOnlyForDeploymentPostprocessing = 0;
			shellPath = /bin/sh;
			shellScript = "\"${PODS_ROOT}/Target Support Files/Pods-FirestoreApplication/Pods-FirestoreApplication-frameworks.sh\"\n";
			showEnvVarsInLog = 0;
		};
		E1778CE762511890B250E734 /* [CP] Check Pods Manifest.lock */ = {
			isa = PBXShellScriptBuildPhase;
			buildActionMask = 2147483647;
			files = (
			);
			inputFileListPaths = (
			);
			inputPaths = (
				"${PODS_PODFILE_DIR_PATH}/Podfile.lock",
				"${PODS_ROOT}/Manifest.lock",
			);
			name = "[CP] Check Pods Manifest.lock";
			outputFileListPaths = (
			);
			outputPaths = (
				"$(DERIVED_FILE_DIR)/Pods-FirestoreApplication-checkManifestLockResult.txt",
			);
			runOnlyForDeploymentPostprocessing = 0;
			shellPath = /bin/sh;
			shellScript = "diff \"${PODS_PODFILE_DIR_PATH}/Podfile.lock\" \"${PODS_ROOT}/Manifest.lock\" > /dev/null\nif [ $? != 0 ] ; then\n    # print error to STDERR\n    echo \"error: The sandbox is not in sync with the Podfile.lock. Run 'pod install' or update your CocoaPods installation.\" >&2\n    exit 1\nfi\n# This output is used by Xcode 'outputs' to avoid re-running this script phase.\necho \"SUCCESS\" > \"${SCRIPT_OUTPUT_FILE_0}\"\n";
			showEnvVarsInLog = 0;
		};
/* End PBXShellScriptBuildPhase section */

/* Begin PBXSourcesBuildPhase section */
		5B9E73FF28734D0B005343BF /* Sources */ = {
			isa = PBXSourcesBuildPhase;
			buildActionMask = 2147483647;
			files = (
				5B9E740E28734D0B005343BF /* ViewController.m in Sources */,
				5B9E740828734D0B005343BF /* AppDelegate.m in Sources */,
				5B9E741928734D15005343BF /* main.m in Sources */,
				5B9E740B28734D0B005343BF /* SceneDelegate.m in Sources */,
			);
			runOnlyForDeploymentPostprocessing = 0;
		};
/* End PBXSourcesBuildPhase section */

/* Begin PBXVariantGroup section */
		5B9E740F28734D0B005343BF /* Main.storyboard */ = {
			isa = PBXVariantGroup;
			children = (
				5B9E741028734D0B005343BF /* Base */,
			);
			name = Main.storyboard;
			sourceTree = "<group>";
		};
		5B9E741428734D15005343BF /* LaunchScreen.storyboard */ = {
			isa = PBXVariantGroup;
			children = (
				5B9E741528734D15005343BF /* Base */,
			);
			name = LaunchScreen.storyboard;
			sourceTree = "<group>";
		};
/* End PBXVariantGroup section */

/* Begin XCBuildConfiguration section */
		5B9E741A28734D15005343BF /* Debug */ = {
			isa = XCBuildConfiguration;
			buildSettings = {
				ALWAYS_SEARCH_USER_PATHS = NO;
				CLANG_ANALYZER_NONNULL = YES;
				CLANG_ANALYZER_NUMBER_OBJECT_CONVERSION = YES_AGGRESSIVE;
				CLANG_CXX_LANGUAGE_STANDARD = "gnu++17";
				CLANG_ENABLE_MODULES = YES;
				CLANG_ENABLE_OBJC_ARC = YES;
				CLANG_ENABLE_OBJC_WEAK = YES;
				CLANG_WARN_BLOCK_CAPTURE_AUTORELEASING = YES;
				CLANG_WARN_BOOL_CONVERSION = YES;
				CLANG_WARN_COMMA = YES;
				CLANG_WARN_CONSTANT_CONVERSION = YES;
				CLANG_WARN_DEPRECATED_OBJC_IMPLEMENTATIONS = YES;
				CLANG_WARN_DIRECT_OBJC_ISA_USAGE = YES_ERROR;
				CLANG_WARN_DOCUMENTATION_COMMENTS = YES;
				CLANG_WARN_EMPTY_BODY = YES;
				CLANG_WARN_ENUM_CONVERSION = YES;
				CLANG_WARN_INFINITE_RECURSION = YES;
				CLANG_WARN_INT_CONVERSION = YES;
				CLANG_WARN_NON_LITERAL_NULL_CONVERSION = YES;
				CLANG_WARN_OBJC_IMPLICIT_RETAIN_SELF = YES;
				CLANG_WARN_OBJC_LITERAL_CONVERSION = YES;
				CLANG_WARN_OBJC_ROOT_CLASS = YES_ERROR;
				CLANG_WARN_QUOTED_INCLUDE_IN_FRAMEWORK_HEADER = YES;
				CLANG_WARN_RANGE_LOOP_ANALYSIS = YES;
				CLANG_WARN_STRICT_PROTOTYPES = YES;
				CLANG_WARN_SUSPICIOUS_MOVE = YES;
				CLANG_WARN_UNGUARDED_AVAILABILITY = YES_AGGRESSIVE;
				CLANG_WARN_UNREACHABLE_CODE = YES;
				CLANG_WARN__DUPLICATE_METHOD_MATCH = YES;
				COPY_PHASE_STRIP = NO;
				DEBUG_INFORMATION_FORMAT = dwarf;
				ENABLE_STRICT_OBJC_MSGSEND = YES;
				ENABLE_TESTABILITY = YES;
				GCC_C_LANGUAGE_STANDARD = gnu11;
				GCC_DYNAMIC_NO_PIC = NO;
				GCC_NO_COMMON_BLOCKS = YES;
				GCC_OPTIMIZATION_LEVEL = 0;
				GCC_PREPROCESSOR_DEFINITIONS = (
					"DEBUG=1",
					"$(inherited)",
				);
				GCC_WARN_64_TO_32_BIT_CONVERSION = YES;
				GCC_WARN_ABOUT_RETURN_TYPE = YES_ERROR;
				GCC_WARN_UNDECLARED_SELECTOR = YES;
				GCC_WARN_UNINITIALIZED_AUTOS = YES_AGGRESSIVE;
				GCC_WARN_UNUSED_FUNCTION = YES;
				GCC_WARN_UNUSED_VARIABLE = YES;
				IPHONEOS_DEPLOYMENT_TARGET = 15.4;
				MTL_ENABLE_DEBUG_INFO = INCLUDE_SOURCE;
				MTL_FAST_MATH = YES;
				ONLY_ACTIVE_ARCH = YES;
				SDKROOT = iphoneos;
			};
			name = Debug;
		};
		5B9E741B28734D15005343BF /* Release */ = {
			isa = XCBuildConfiguration;
			buildSettings = {
				ALWAYS_SEARCH_USER_PATHS = NO;
				CLANG_ANALYZER_NONNULL = YES;
				CLANG_ANALYZER_NUMBER_OBJECT_CONVERSION = YES_AGGRESSIVE;
				CLANG_CXX_LANGUAGE_STANDARD = "gnu++17";
				CLANG_ENABLE_MODULES = YES;
				CLANG_ENABLE_OBJC_ARC = YES;
				CLANG_ENABLE_OBJC_WEAK = YES;
				CLANG_WARN_BLOCK_CAPTURE_AUTORELEASING = YES;
				CLANG_WARN_BOOL_CONVERSION = YES;
				CLANG_WARN_COMMA = YES;
				CLANG_WARN_CONSTANT_CONVERSION = YES;
				CLANG_WARN_DEPRECATED_OBJC_IMPLEMENTATIONS = YES;
				CLANG_WARN_DIRECT_OBJC_ISA_USAGE = YES_ERROR;
				CLANG_WARN_DOCUMENTATION_COMMENTS = YES;
				CLANG_WARN_EMPTY_BODY = YES;
				CLANG_WARN_ENUM_CONVERSION = YES;
				CLANG_WARN_INFINITE_RECURSION = YES;
				CLANG_WARN_INT_CONVERSION = YES;
				CLANG_WARN_NON_LITERAL_NULL_CONVERSION = YES;
				CLANG_WARN_OBJC_IMPLICIT_RETAIN_SELF = YES;
				CLANG_WARN_OBJC_LITERAL_CONVERSION = YES;
				CLANG_WARN_OBJC_ROOT_CLASS = YES_ERROR;
				CLANG_WARN_QUOTED_INCLUDE_IN_FRAMEWORK_HEADER = YES;
				CLANG_WARN_RANGE_LOOP_ANALYSIS = YES;
				CLANG_WARN_STRICT_PROTOTYPES = YES;
				CLANG_WARN_SUSPICIOUS_MOVE = YES;
				CLANG_WARN_UNGUARDED_AVAILABILITY = YES_AGGRESSIVE;
				CLANG_WARN_UNREACHABLE_CODE = YES;
				CLANG_WARN__DUPLICATE_METHOD_MATCH = YES;
				COPY_PHASE_STRIP = NO;
				DEBUG_INFORMATION_FORMAT = "dwarf-with-dsym";
				ENABLE_NS_ASSERTIONS = NO;
				ENABLE_STRICT_OBJC_MSGSEND = YES;
				GCC_C_LANGUAGE_STANDARD = gnu11;
				GCC_NO_COMMON_BLOCKS = YES;
				GCC_WARN_64_TO_32_BIT_CONVERSION = YES;
				GCC_WARN_ABOUT_RETURN_TYPE = YES_ERROR;
				GCC_WARN_UNDECLARED_SELECTOR = YES;
				GCC_WARN_UNINITIALIZED_AUTOS = YES_AGGRESSIVE;
				GCC_WARN_UNUSED_FUNCTION = YES;
				GCC_WARN_UNUSED_VARIABLE = YES;
				IPHONEOS_DEPLOYMENT_TARGET = 15.4;
				MTL_ENABLE_DEBUG_INFO = NO;
				MTL_FAST_MATH = YES;
				SDKROOT = iphoneos;
				VALIDATE_PRODUCT = YES;
			};
			name = Release;
		};
		5B9E741D28734D15005343BF /* Debug */ = {
			isa = XCBuildConfiguration;
			baseConfigurationReference = D7E2BE9005CA58BEBE5E128C /* Pods-FirestoreApplication.debug.xcconfig */;
			buildSettings = {
				ASSETCATALOG_COMPILER_APPICON_NAME = AppIcon;
				ASSETCATALOG_COMPILER_GLOBAL_ACCENT_COLOR_NAME = AccentColor;
				CODE_SIGN_STYLE = Automatic;
				CURRENT_PROJECT_VERSION = 1;
				GENERATE_INFOPLIST_FILE = YES;
				INFOPLIST_FILE = FirestoreApplication/Info.plist;
				INFOPLIST_KEY_UIApplicationSupportsIndirectInputEvents = YES;
				INFOPLIST_KEY_UILaunchStoryboardName = LaunchScreen;
				INFOPLIST_KEY_UIMainStoryboardFile = Main;
				INFOPLIST_KEY_UISupportedInterfaceOrientations_iPad = "UIInterfaceOrientationPortrait UIInterfaceOrientationPortraitUpsideDown UIInterfaceOrientationLandscapeLeft UIInterfaceOrientationLandscapeRight";
				INFOPLIST_KEY_UISupportedInterfaceOrientations_iPhone = "UIInterfaceOrientationPortrait UIInterfaceOrientationLandscapeLeft UIInterfaceOrientationLandscapeRight";
				LD_RUNPATH_SEARCH_PATHS = (
					"$(inherited)",
					"@executable_path/Frameworks",
				);
				MARKETING_VERSION = 1.0;
				PRODUCT_BUNDLE_IDENTIFIER = vijayamadhavi.FirestoreApplication;
				PRODUCT_NAME = "$(TARGET_NAME)";
				SWIFT_EMIT_LOC_STRINGS = YES;
				TARGETED_DEVICE_FAMILY = "1,2";
			};
			name = Debug;
		};
		5B9E741E28734D15005343BF /* Release */ = {
			isa = XCBuildConfiguration;
			baseConfigurationReference = 37B18D00D9B751FF7C9BAFD3 /* Pods-FirestoreApplication.release.xcconfig */;
			buildSettings = {
				ASSETCATALOG_COMPILER_APPICON_NAME = AppIcon;
				ASSETCATALOG_COMPILER_GLOBAL_ACCENT_COLOR_NAME = AccentColor;
				CODE_SIGN_STYLE = Automatic;
				CURRENT_PROJECT_VERSION = 1;
				GENERATE_INFOPLIST_FILE = YES;
				INFOPLIST_FILE = FirestoreApplication/Info.plist;
				INFOPLIST_KEY_UIApplicationSupportsIndirectInputEvents = YES;
				INFOPLIST_KEY_UILaunchStoryboardName = LaunchScreen;
				INFOPLIST_KEY_UIMainStoryboardFile = Main;
				INFOPLIST_KEY_UISupportedInterfaceOrientations_iPad = "UIInterfaceOrientationPortrait UIInterfaceOrientationPortraitUpsideDown UIInterfaceOrientationLandscapeLeft UIInterfaceOrientationLandscapeRight";
				INFOPLIST_KEY_UISupportedInterfaceOrientations_iPhone = "UIInterfaceOrientationPortrait UIInterfaceOrientationLandscapeLeft UIInterfaceOrientationLandscapeRight";
				LD_RUNPATH_SEARCH_PATHS = (
					"$(inherited)",
					"@executable_path/Frameworks",
				);
				MARKETING_VERSION = 1.0;
				PRODUCT_BUNDLE_IDENTIFIER = vijayamadhavi.FirestoreApplication;
				PRODUCT_NAME = "$(TARGET_NAME)";
				SWIFT_EMIT_LOC_STRINGS = YES;
				TARGETED_DEVICE_FAMILY = "1,2";
			};
			name = Release;
		};
/* End XCBuildConfiguration section */

/* Begin XCConfigurationList section */
		5B9E73FE28734D0B005343BF /* Build configuration list for PBXProject "FirestoreApplication" */ = {
			isa = XCConfigurationList;
			buildConfigurations = (
				5B9E741A28734D15005343BF /* Debug */,
				5B9E741B28734D15005343BF /* Release */,
			);
			defaultConfigurationIsVisible = 0;
			defaultConfigurationName = Release;
		};
		5B9E741C28734D15005343BF /* Build configuration list for PBXNativeTarget "FirestoreApplication" */ = {
			isa = XCConfigurationList;
			buildConfigurations = (
				5B9E741D28734D15005343BF /* Debug */,
				5B9E741E28734D15005343BF /* Release */,
			);
			defaultConfigurationIsVisible = 0;
			defaultConfigurationName = Release;
		};
/* End XCConfigurationList section */
	};
	rootObject = 5B9E73FB28734D0B005343BF /* Project object */;
}
